// !$*UTF8*$!
{
	archiveVersion = 1;
	classes = {
	};
	objectVersion = 56;
	objects = {

/* Begin PBXBuildFile section */
		2F6E3BE82DB9033900CAB49E /* AppDelegate.swift in Sources */ = {isa = PBXBuildFile; fileRef = 2F6E3BE72DB9033900CAB49E /* AppDelegate.swift */; };
		2F6E3BEA2DB9033900CAB49E /* SceneDelegate.swift in Sources */ = {isa = PBXBuildFile; fileRef = 2F6E3BE92DB9033900CAB49E /* SceneDelegate.swift */; };
		2F6E3BEC2DB9033900CAB49E /* ViewController.swift in Sources */ = {isa = PBXBuildFile; fileRef = 2F6E3BEB2DB9033900CAB49E /* ViewController.swift */; };
		2F6E3BEF2DB9033900CAB49E /* Main.storyboard in Resources */ = {isa = PBXBuildFile; fileRef = 2F6E3BED2DB9033900CAB49E /* Main.storyboard */; };
		2F6E3BF12DB9033A00CAB49E /* Assets.xcassets in Resources */ = {isa = PBXBuildFile; fileRef = 2F6E3BF02DB9033A00CAB49E /* Assets.xcassets */; };
		2F6E3BF42DB9033A00CAB49E /* LaunchScreen.storyboard in Resources */ = {isa = PBXBuildFile; fileRef = 2F6E3BF22DB9033A00CAB49E /* LaunchScreen.storyboard */; };
		2F6E3BFF2DB9033A00CAB49E /* flappyTests.swift in Sources */ = {isa = PBXBuildFile; fileRef = 2F6E3BFE2DB9033A00CAB49E /* flappyTests.swift */; };
		2F6E3C092DB9033A00CAB49E /* flappyUITests.swift in Sources */ = {isa = PBXBuildFile; fileRef = 2F6E3C082DB9033A00CAB49E /* flappyUITests.swift */; };
		2F6E3C0B2DB9033A00CAB49E /* flappyUITestsLaunchTests.swift in Sources */ = {isa = PBXBuildFile; fileRef = 2F6E3C0A2DB9033A00CAB49E /* flappyUITestsLaunchTests.swift */; };
/* End PBXBuildFile section */

/* Begin PBXContainerItemProxy section */
		2F6E3BFB2DB9033A00CAB49E /* PBXContainerItemProxy */ = {
			isa = PBXContainerItemProxy;
			containerPortal = 2F6E3BDC2DB9033900CAB49E /* Project object */;
			proxyType = 1;
			remoteGlobalIDString = 2F6E3BE32DB9033900CAB49E;
			remoteInfo = flappy;
		};
		2F6E3C052DB9033A00CAB49E /* PBXContainerItemProxy */ = {
			isa = PBXContainerItemProxy;
			containerPortal = 2F6E3BDC2DB9033900CAB49E /* Project object */;
			proxyType = 1;
			remoteGlobalIDString = 2F6E3BE32DB9033900CAB49E;
			remoteInfo = flappy;
		};
/* End PBXContainerItemProxy section */

/* Begin PBXFileReference section */
		2F6E3BE42DB9033900CAB49E /* flappy.app */ = {isa = PBXFileReference; explicitFileType = wrapper.application; includeInIndex = 0; path = flappy.app; sourceTree = BUILT_PRODUCTS_DIR; };
		2F6E3BE72DB9033900CAB49E /* AppDelegate.swift */ = {isa = PBXFileReference; lastKnownFileType = sourcecode.swift; path = AppDelegate.swift; sourceTree = "<group>"; };
		2F6E3BE92DB9033900CAB49E /* SceneDelegate.swift */ = {isa = PBXFileReference; lastKnownFileType = sourcecode.swift; path = SceneDelegate.swift; sourceTree = "<group>"; };
		2F6E3BEB2DB9033900CAB49E /* ViewController.swift */ = {isa = PBXFileReference; lastKnownFileType = sourcecode.swift; path = ViewController.swift; sourceTree = "<group>"; };
		2F6E3BEE2DB9033900CAB49E /* Base */ = {isa = PBXFileReference; lastKnownFileType = file.storyboard; name = Base; path = Base.lproj/Main.storyboard; sourceTree = "<group>"; };
		2F6E3BF02DB9033A00CAB49E /* Assets.xcassets */ = {isa = PBXFileReference; lastKnownFileType = folder.assetcatalog; path = Assets.xcassets; sourceTree = "<group>"; };
		2F6E3BF32DB9033A00CAB49E /* Base */ = {isa = PBXFileReference; lastKnownFileType = file.storyboard; name = Base; path = Base.lproj/LaunchScreen.storyboard; sourceTree = "<group>"; };
		2F6E3BF52DB9033A00CAB49E /* Info.plist */ = {isa = PBXFileReference; lastKnownFileType = text.plist.xml; path = Info.plist; sourceTree = "<group>"; };
		2F6E3BFA2DB9033A00CAB49E /* flappyTests.xctest */ = {isa = PBXFileReference; explicitFileType = wrapper.cfbundle; includeInIndex = 0; path = flappyTests.xctest; sourceTree = BUILT_PRODUCTS_DIR; };
		2F6E3BFE2DB9033A00CAB49E /* flappyTests.swift */ = {isa = PBXFileReference; lastKnownFileType = sourcecode.swift; path = flappyTests.swift; sourceTree = "<group>"; };
		2F6E3C042DB9033A00CAB49E /* flappyUITests.xctest */ = {isa = PBXFileReference; explicitFileType = wrapper.cfbundle; includeInIndex = 0; path = flappyUITests.xctest; sourceTree = BUILT_PRODUCTS_DIR; };
		2F6E3C082DB9033A00CAB49E /* flappyUITests.swift */ = {isa = PBXFileReference; lastKnownFileType = sourcecode.swift; path = flappyUITests.swift; sourceTree = "<group>"; };
		2F6E3C0A2DB9033A00CAB49E /* flappyUITestsLaunchTests.swift */ = {isa = PBXFileReference; lastKnownFileType = sourcecode.swift; path = flappyUITestsLaunchTests.swift; sourceTree = "<group>"; };
/* End PBXFileReference section */

/* Begin PBXFrameworksBuildPhase section */
		2F6E3BE12DB9033900CAB49E /* Frameworks */ = {
			isa = PBXFrameworksBuildPhase;
			buildActionMask = 2147483647;
			files = (
			);
			runOnlyForDeploymentPostprocessing = 0;
		};
		2F6E3BF72DB9033A00CAB49E /* Frameworks */ = {
			isa = PBXFrameworksBuildPhase;
			buildActionMask = 2147483647;
			files = (
			);
			runOnlyForDeploymentPostprocessing = 0;
		};
		2F6E3C012DB9033A00CAB49E /* Frameworks */ = {
			isa = PBXFrameworksBuildPhase;
			buildActionMask = 2147483647;
			files = (
			);
			runOnlyForDeploymentPostprocessing = 0;
		};
/* End PBXFrameworksBuildPhase section */

/* Begin PBXGroup section */
		2F6E3BDB2DB9033900CAB49E = {
			isa = PBXGroup;
			children = (
				2F6E3BE62DB9033900CAB49E /* flappy */,
				2F6E3BFD2DB9033A00CAB49E /* flappyTests */,
				2F6E3C072DB9033A00CAB49E /* flappyUITests */,
				2F6E3BE52DB9033900CAB49E /* Products */,
			);
			sourceTree = "<group>";
		};
		2F6E3BE52DB9033900CAB49E /* Products */ = {
			isa = PBXGroup;
			children = (
				2F6E3BE42DB9033900CAB49E /* flappy.app */,
				2F6E3BFA2DB9033A00CAB49E /* flappyTests.xctest */,
				2F6E3C042DB9033A00CAB49E /* flappyUITests.xctest */,
			);
			name = Products;
			sourceTree = "<group>";
		};
		2F6E3BE62DB9033900CAB49E /* flappy */ = {
			isa = PBXGroup;
			children = (
				2F6E3BE72DB9033900CAB49E /* AppDelegate.swift */,
				2F6E3BE92DB9033900CAB49E /* SceneDelegate.swift */,
				2F6E3BEB2DB9033900CAB49E /* ViewController.swift */,
				2F6E3BED2DB9033900CAB49E /* Main.storyboard */,
				2F6E3BF02DB9033A00CAB49E /* Assets.xcassets */,
				2F6E3BF22DB9033A00CAB49E /* LaunchScreen.storyboard */,
				2F6E3BF52DB9033A00CAB49E /* Info.plist */,
			);
			path = flappy;
			sourceTree = "<group>";
		};
		2F6E3BFD2DB9033A00CAB49E /* flappyTests */ = {
			isa = PBXGroup;
			children = (
				2F6E3BFE2DB9033A00CAB49E /* flappyTests.swift */,
			);
			path = flappyTests;
			sourceTree = "<group>";
		};
		2F6E3C072DB9033A00CAB49E /* flappyUITests */ = {
			isa = PBXGroup;
			children = (
				2F6E3C082DB9033A00CAB49E /* flappyUITests.swift */,
				2F6E3C0A2DB9033A00CAB49E /* flappyUITestsLaunchTests.swift */,
			);
			path = flappyUITests;
			sourceTree = "<group>";
		};
/* End PBXGroup section */

/* Begin PBXNativeTarget section */
		2F6E3BE32DB9033900CAB49E /* flappy */ = {
			isa = PBXNativeTarget;
			buildConfigurationList = 2F6E3C0E2DB9033A00CAB49E /* Build configuration list for PBXNativeTarget "flappy" */;
			buildPhases = (
				2F6E3BE02DB9033900CAB49E /* Sources */,
				2F6E3BE12DB9033900CAB49E /* Frameworks */,
				2F6E3BE22DB9033900CAB49E /* Resources */,
			);
			buildRules = (
			);
			dependencies = (
			);
			name = flappy;
			productName = flappy;
			productReference = 2F6E3BE42DB9033900CAB49E /* flappy.app */;
			productType = "com.apple.product-type.application";
		};
		2F6E3BF92DB9033A00CAB49E /* flappyTests */ = {
			isa = PBXNativeTarget;
			buildConfigurationList = 2F6E3C112DB9033A00CAB49E /* Build configuration list for PBXNativeTarget "flappyTests" */;
			buildPhases = (
				2F6E3BF62DB9033A00CAB49E /* Sources */,
				2F6E3BF72DB9033A00CAB49E /* Frameworks */,
				2F6E3BF82DB9033A00CAB49E /* Resources */,
			);
			buildRules = (
			);
			dependencies = (
				2F6E3BFC2DB9033A00CAB49E /* PBXTargetDependency */,
			);
			name = flappyTests;
			productName = flappyTests;
			productReference = 2F6E3BFA2DB9033A00CAB49E /* flappyTests.xctest */;
			productType = "com.apple.product-type.bundle.unit-test";
		};
		2F6E3C032DB9033A00CAB49E /* flappyUITests */ = {
			isa = PBXNativeTarget;
			buildConfigurationList = 2F6E3C142DB9033A00CAB49E /* Build configuration list for PBXNativeTarget "flappyUITests" */;
			buildPhases = (
				2F6E3C002DB9033A00CAB49E /* Sources */,
				2F6E3C012DB9033A00CAB49E /* Frameworks */,
				2F6E3C022DB9033A00CAB49E /* Resources */,
			);
			buildRules = (
			);
			dependencies = (
				2F6E3C062DB9033A00CAB49E /* PBXTargetDependency */,
			);
			name = flappyUITests;
			productName = flappyUITests;
			productReference = 2F6E3C042DB9033A00CAB49E /* flappyUITests.xctest */;
			productType = "com.apple.product-type.bundle.ui-testing";
		};
/* End PBXNativeTarget section */

/* Begin PBXProject section */
		2F6E3BDC2DB9033900CAB49E /* Project object */ = {
			isa = PBXProject;
			attributes = {
				BuildIndependentTargetsInParallel = 1;
				LastSwiftUpdateCheck = 1500;
				LastUpgradeCheck = 1500;
				TargetAttributes = {
					2F6E3BE32DB9033900CAB49E = {
						CreatedOnToolsVersion = 15.0.1;
					};
					2F6E3BF92DB9033A00CAB49E = {
						CreatedOnToolsVersion = 15.0.1;
						TestTargetID = 2F6E3BE32DB9033900CAB49E;
					};
					2F6E3C032DB9033A00CAB49E = {
						CreatedOnToolsVersion = 15.0.1;
						TestTargetID = 2F6E3BE32DB9033900CAB49E;
					};
				};
			};
			buildConfigurationList = 2F6E3BDF2DB9033900CAB49E /* Build configuration list for PBXProject "flappy" */;
			compatibilityVersion = "Xcode 14.0";
			developmentRegion = en;
			hasScannedForEncodings = 0;
			knownRegions = (
				en,
				Base,
			);
			mainGroup = 2F6E3BDB2DB9033900CAB49E;
			productRefGroup = 2F6E3BE52DB9033900CAB49E /* Products */;
			projectDirPath = "";
			projectRoot = "";
			targets = (
				2F6E3BE32DB9033900CAB49E /* flappy */,
				2F6E3BF92DB9033A00CAB49E /* flappyTests */,
				2F6E3C032DB9033A00CAB49E /* flappyUITests */,
			);
		};
/* End PBXProject section */

/* Begin PBXResourcesBuildPhase section */
		2F6E3BE22DB9033900CAB49E /* Resources */ = {
			isa = PBXResourcesBuildPhase;
			buildActionMask = 2147483647;
			files = (
				2F6E3BF42DB9033A00CAB49E /* LaunchScreen.storyboard in Resources */,
				2F6E3BF12DB9033A00CAB49E /* Assets.xcassets in Resources */,
				2F6E3BEF2DB9033900CAB49E /* Main.storyboard in Resources */,
			);
			runOnlyForDeploymentPostprocessing = 0;
		};
		2F6E3BF82DB9033A00CAB49E /* Resources */ = {
			isa = PBXResourcesBuildPhase;
			buildActionMask = 2147483647;
			files = (
			);
			runOnlyForDeploymentPostprocessing = 0;
		};
		2F6E3C022DB9033A00CAB49E /* Resources */ = {
			isa = PBXResourcesBuildPhase;
			buildActionMask = 2147483647;
			files = (
			);
			runOnlyForDeploymentPostprocessing = 0;
		};
/* End PBXResourcesBuildPhase section */

/* Begin PBXSourcesBuildPhase section */
		2F6E3BE02DB9033900CAB49E /* Sources */ = {
			isa = PBXSourcesBuildPhase;
			buildActionMask = 2147483647;
			files = (
				2F6E3BEC2DB9033900CAB49E /* ViewController.swift in Sources */,
				2F6E3BE82DB9033900CAB49E /* AppDelegate.swift in Sources */,
				2F6E3BEA2DB9033900CAB49E /* SceneDelegate.swift in Sources */,
			);
			runOnlyForDeploymentPostprocessing = 0;
		};
		2F6E3BF62DB9033A00CAB49E /* Sources */ = {
			isa = PBXSourcesBuildPhase;
			buildActionMask = 2147483647;
			files = (
				2F6E3BFF2DB9033A00CAB49E /* flappyTests.swift in Sources */,
			);
			runOnlyForDeploymentPostprocessing = 0;
		};
		2F6E3C002DB9033A00CAB49E /* Sources */ = {
			isa = PBXSourcesBuildPhase;
			buildActionMask = 2147483647;
			files = (
				2F6E3C0B2DB9033A00CAB49E /* flappyUITestsLaunchTests.swift in Sources */,
				2F6E3C092DB9033A00CAB49E /* flappyUITests.swift in Sources */,
			);
			runOnlyForDeploymentPostprocessing = 0;
		};
/* End PBXSourcesBuildPhase section */

/* Begin PBXTargetDependency section */
		2F6E3BFC2DB9033A00CAB49E /* PBXTargetDependency */ = {
			isa = PBXTargetDependency;
			target = 2F6E3BE32DB9033900CAB49E /* flappy */;
			targetProxy = 2F6E3BFB2DB9033A00CAB49E /* PBXContainerItemProxy */;
		};
		2F6E3C062DB9033A00CAB49E /* PBXTargetDependency */ = {
			isa = PBXTargetDependency;
			target = 2F6E3BE32DB9033900CAB49E /* flappy */;
			targetProxy = 2F6E3C052DB9033A00CAB49E /* PBXContainerItemProxy */;
		};
/* End PBXTargetDependency section */

/* Begin PBXVariantGroup section */
		2F6E3BED2DB9033900CAB49E /* Main.storyboard */ = {
			isa = PBXVariantGroup;
			children = (
				2F6E3BEE2DB9033900CAB49E /* Base */,
			);
			name = Main.storyboard;
			sourceTree = "<group>";
		};
		2F6E3BF22DB9033A00CAB49E /* LaunchScreen.storyboard */ = {
			isa = PBXVariantGroup;
			children = (
				2F6E3BF32DB9033A00CAB49E /* Base */,
			);
			name = LaunchScreen.storyboard;
			sourceTree = "<group>";
		};
/* End PBXVariantGroup section */

/* Begin XCBuildConfiguration section */
		2F6E3C0C2DB9033A00CAB49E /* Debug */ = {
			isa = XCBuildConfiguration;
			buildSettings = {
				ALWAYS_SEARCH_USER_PATHS = NO;
				ASSETCATALOG_COMPILER_GENERATE_SWIFT_ASSET_SYMBOL_EXTENSIONS = YES;
				CLANG_ANALYZER_NONNULL = YES;
				CLANG_ANALYZER_NUMBER_OBJECT_CONVERSION = YES_AGGRESSIVE;
				CLANG_CXX_LANGUAGE_STANDARD = "gnu++20";
				CLANG_ENABLE_MODULES = YES;
				CLANG_ENABLE_OBJC_ARC = YES;
				CLANG_ENABLE_OBJC_WEAK = YES;
				CLANG_WARN_BLOCK_CAPTURE_AUTORELEASING = YES;
				CLANG_WARN_BOOL_CONVERSION = YES;
				CLANG_WARN_COMMA = YES;
				CLANG_WARN_CONSTANT_CONVERSION = YES;
				CLANG_WARN_DEPRECATED_OBJC_IMPLEMENTATIONS = YES;
				CLANG_WARN_DIRECT_OBJC_ISA_USAGE = YES_ERROR;
				CLANG_WARN_DOCUMENTATION_COMMENTS = YES;
				CLANG_WARN_EMPTY_BODY = YES;
				CLANG_WARN_ENUM_CONVERSION = YES;
				CLANG_WARN_INFINITE_RECURSION = YES;
				CLANG_WARN_INT_CONVERSION = YES;
				CLANG_WARN_NON_LITERAL_NULL_CONVERSION = YES;
				CLANG_WARN_OBJC_IMPLICIT_RETAIN_SELF = YES;
				CLANG_WARN_OBJC_LITERAL_CONVERSION = YES;
				CLANG_WARN_OBJC_ROOT_CLASS = YES_ERROR;
				CLANG_WARN_QUOTED_INCLUDE_IN_FRAMEWORK_HEADER = YES;
				CLANG_WARN_RANGE_LOOP_ANALYSIS = YES;
				CLANG_WARN_STRICT_PROTOTYPES = YES;
				CLANG_WARN_SUSPICIOUS_MOVE = YES;
				CLANG_WARN_UNGUARDED_AVAILABILITY = YES_AGGRESSIVE;
				CLANG_WARN_UNREACHABLE_CODE = YES;
				CLANG_WARN__DUPLICATE_METHOD_MATCH = YES;
				COPY_PHASE_STRIP = NO;
				DEBUG_INFORMATION_FORMAT = dwarf;
				ENABLE_STRICT_OBJC_MSGSEND = YES;
				ENABLE_TESTABILITY = YES;
				ENABLE_USER_SCRIPT_SANDBOXING = YES;
				GCC_C_LANGUAGE_STANDARD = gnu17;
				GCC_DYNAMIC_NO_PIC = NO;
				GCC_NO_COMMON_BLOCKS = YES;
				GCC_OPTIMIZATION_LEVEL = 0;
				GCC_PREPROCESSOR_DEFINITIONS = (
					"DEBUG=1",
					"$(inherited)",
				);
				GCC_WARN_64_TO_32_BIT_CONVERSION = YES;
				GCC_WARN_ABOUT_RETURN_TYPE = YES_ERROR;
				GCC_WARN_UNDECLARED_SELECTOR = YES;
				GCC_WARN_UNINITIALIZED_AUTOS = YES_AGGRESSIVE;
				GCC_WARN_UNUSED_FUNCTION = YES;
				GCC_WARN_UNUSED_VARIABLE = YES;
				IPHONEOS_DEPLOYMENT_TARGET = 17.0;
				LOCALIZATION_PREFERS_STRING_CATALOGS = YES;
				MTL_ENABLE_DEBUG_INFO = INCLUDE_SOURCE;
				MTL_FAST_MATH = YES;
				ONLY_ACTIVE_ARCH = YES;
				SDKROOT = iphoneos;
				SWIFT_ACTIVE_COMPILATION_CONDITIONS = "DEBUG $(inherited)";
				SWIFT_OPTIMIZATION_LEVEL = "-Onone";
			};
			name = Debug;
		};
		2F6E3C0D2DB9033A00CAB49E /* Release */ = {
			isa = XCBuildConfiguration;
			buildSettings = {
				ALWAYS_SEARCH_USER_PATHS = NO;
				ASSETCATALOG_COMPILER_GENERATE_SWIFT_ASSET_SYMBOL_EXTENSIONS = YES;
				CLANG_ANALYZER_NONNULL = YES;
				CLANG_ANALYZER_NUMBER_OBJECT_CONVERSION = YES_AGGRESSIVE;
				CLANG_CXX_LANGUAGE_STANDARD = "gnu++20";
				CLANG_ENABLE_MODULES = YES;
				CLANG_ENABLE_OBJC_ARC = YES;
				CLANG_ENABLE_OBJC_WEAK = YES;
				CLANG_WARN_BLOCK_CAPTURE_AUTORELEASING = YES;
				CLANG_WARN_BOOL_CONVERSION = YES;
				CLANG_WARN_COMMA = YES;
				CLANG_WARN_CONSTANT_CONVERSION = YES;
				CLANG_WARN_DEPRECATED_OBJC_IMPLEMENTATIONS = YES;
				CLANG_WARN_DIRECT_OBJC_ISA_USAGE = YES_ERROR;
				CLANG_WARN_DOCUMENTATION_COMMENTS = YES;
				CLANG_WARN_EMPTY_BODY = YES;
				CLANG_WARN_ENUM_CONVERSION = YES;
				CLANG_WARN_INFINITE_RECURSION = YES;
				CLANG_WARN_INT_CONVERSION = YES;
				CLANG_WARN_NON_LITERAL_NULL_CONVERSION = YES;
				CLANG_WARN_OBJC_IMPLICIT_RETAIN_SELF = YES;
				CLANG_WARN_OBJC_LITERAL_CONVERSION = YES;
				CLANG_WARN_OBJC_ROOT_CLASS = YES_ERROR;
				CLANG_WARN_QUOTED_INCLUDE_IN_FRAMEWORK_HEADER = YES;
				CLANG_WARN_RANGE_LOOP_ANALYSIS = YES;
				CLANG_WARN_STRICT_PROTOTYPES = YES;
				CLANG_WARN_SUSPICIOUS_MOVE = YES;
				CLANG_WARN_UNGUARDED_AVAILABILITY = YES_AGGRESSIVE;
				CLANG_WARN_UNREACHABLE_CODE = YES;
				CLANG_WARN__DUPLICATE_METHOD_MATCH = YES;
				COPY_PHASE_STRIP = NO;
				DEBUG_INFORMATION_FORMAT = "dwarf-with-dsym";
				ENABLE_NS_ASSERTIONS = NO;
				ENABLE_STRICT_OBJC_MSGSEND = YES;
				ENABLE_USER_SCRIPT_SANDBOXING = YES;
				GCC_C_LANGUAGE_STANDARD = gnu17;
				GCC_NO_COMMON_BLOCKS = YES;
				GCC_WARN_64_TO_32_BIT_CONVERSION = YES;
				GCC_WARN_ABOUT_RETURN_TYPE = YES_ERROR;
				GCC_WARN_UNDECLARED_SELECTOR = YES;
				GCC_WARN_UNINITIALIZED_AUTOS = YES_AGGRESSIVE;
				GCC_WARN_UNUSED_FUNCTION = YES;
				GCC_WARN_UNUSED_VARIABLE = YES;
				IPHONEOS_DEPLOYMENT_TARGET = 17.0;
				LOCALIZATION_PREFERS_STRING_CATALOGS = YES;
				MTL_ENABLE_DEBUG_INFO = NO;
				MTL_FAST_MATH = YES;
				SDKROOT = iphoneos;
				SWIFT_COMPILATION_MODE = wholemodule;
				VALIDATE_PRODUCT = YES;
			};
			name = Release;
		};
		2F6E3C0F2DB9033A00CAB49E /* Debug */ = {
			isa = XCBuildConfiguration;
			buildSettings = {
				ASSETCATALOG_COMPILER_APPICON_NAME = AppIcon;
				ASSETCATALOG_COMPILER_GLOBAL_ACCENT_COLOR_NAME = AccentColor;
				CODE_SIGN_STYLE = Automatic;
				CURRENT_PROJECT_VERSION = 1;
				GENERATE_INFOPLIST_FILE = YES;
				INFOPLIST_FILE = flappy/Info.plist;
				INFOPLIST_KEY_UIApplicationSupportsIndirectInputEvents = YES;
				INFOPLIST_KEY_UILaunchStoryboardName = LaunchScreen;
				INFOPLIST_KEY_UIMainStoryboardFile = Main;
				INFOPLIST_KEY_UISupportedInterfaceOrientations_iPad = "UIInterfaceOrientationPortrait UIInterfaceOrientationPortraitUpsideDown UIInterfaceOrientationLandscapeLeft UIInterfaceOrientationLandscapeRight";
				INFOPLIST_KEY_UISupportedInterfaceOrientations_iPhone = "UIInterfaceOrientationPortrait UIInterfaceOrientationLandscapeLeft UIInterfaceOrientationLandscapeRight";
				LD_RUNPATH_SEARCH_PATHS = (
					"$(inherited)",
					"@executable_path/Frameworks",
				);
				MARKETING_VERSION = 1.0;
				PRODUCT_BUNDLE_IDENTIFIER = oooo.flappy;
				PRODUCT_NAME = "$(TARGET_NAME)";
				SWIFT_EMIT_LOC_STRINGS = YES;
				SWIFT_VERSION = 5.0;
				TARGETED_DEVICE_FAMILY = "1,2";
			};
			name = Debug;
		};
		2F6E3C102DB9033A00CAB49E /* Release */ = {
			isa = XCBuildConfiguration;
			buildSettings = {
				ASSETCATALOG_COMPILER_APPICON_NAME = AppIcon;
				ASSETCATALOG_COMPILER_GLOBAL_ACCENT_COLOR_NAME = AccentColor;
				CODE_SIGN_STYLE = Automatic;
				CURRENT_PROJECT_VERSION = 1;
				GENERATE_INFOPLIST_FILE = YES;
				INFOPLIST_FILE = flappy/Info.plist;
				INFOPLIST_KEY_UIApplicationSupportsIndirectInputEvents = YES;
				INFOPLIST_KEY_UILaunchStoryboardName = LaunchScreen;
				INFOPLIST_KEY_UIMainStoryboardFile = Main;
				INFOPLIST_KEY_UISupportedInterfaceOrientations_iPad = "UIInterfaceOrientationPortrait UIInterfaceOrientationPortraitUpsideDown UIInterfaceOrientationLandscapeLeft UIInterfaceOrientationLandscapeRight";
				INFOPLIST_KEY_UISupportedInterfaceOrientations_iPhone = "UIInterfaceOrientationPortrait UIInterfaceOrientationLandscapeLeft UIInterfaceOrientationLandscapeRight";
				LD_RUNPATH_SEARCH_PATHS = (
					"$(inherited)",
					"@executable_path/Frameworks",
				);
				MARKETING_VERSION = 1.0;
				PRODUCT_BUNDLE_IDENTIFIER = oooo.flappy;
				PRODUCT_NAME = "$(TARGET_NAME)";
				SWIFT_EMIT_LOC_STRINGS = YES;
				SWIFT_VERSION = 5.0;
				TARGETED_DEVICE_FAMILY = "1,2";
			};
			name = Release;
		};
		2F6E3C122DB9033A00CAB49E /* Debug */ = {
			isa = XCBuildConfiguration;
			buildSettings = {
				ALWAYS_EMBED_SWIFT_STANDARD_LIBRARIES = YES;
				BUNDLE_LOADER = "$(TEST_HOST)";
				CODE_SIGN_STYLE = Automatic;
				CURRENT_PROJECT_VERSION = 1;
				GENERATE_INFOPLIST_FILE = YES;
				IPHONEOS_DEPLOYMENT_TARGET = 17.0;
				MARKETING_VERSION = 1.0;
				PRODUCT_BUNDLE_IDENTIFIER = oooo.flappyTests;
				PRODUCT_NAME = "$(TARGET_NAME)";
				SWIFT_EMIT_LOC_STRINGS = NO;
				SWIFT_VERSION = 5.0;
				TARGETED_DEVICE_FAMILY = "1,2";
				TEST_HOST = "$(BUILT_PRODUCTS_DIR)/flappy.app/$(BUNDLE_EXECUTABLE_FOLDER_PATH)/flappy";
			};
			name = Debug;
		};
		2F6E3C132DB9033A00CAB49E /* Release */ = {
			isa = XCBuildConfiguration;
			buildSettings = {
				ALWAYS_EMBED_SWIFT_STANDARD_LIBRARIES = YES;
				BUNDLE_LOADER = "$(TEST_HOST)";
				CODE_SIGN_STYLE = Automatic;
				CURRENT_PROJECT_VERSION = 1;
				GENERATE_INFOPLIST_FILE = YES;
				IPHONEOS_DEPLOYMENT_TARGET = 17.0;
				MARKETING_VERSION = 1.0;
				PRODUCT_BUNDLE_IDENTIFIER = oooo.flappyTests;
				PRODUCT_NAME = "$(TARGET_NAME)";
				SWIFT_EMIT_LOC_STRINGS = NO;
				SWIFT_VERSION = 5.0;
				TARGETED_DEVICE_FAMILY = "1,2";
				TEST_HOST = "$(BUILT_PRODUCTS_DIR)/flappy.app/$(BUNDLE_EXECUTABLE_FOLDER_PATH)/flappy";
			};
			name = Release;
		};
		2F6E3C152DB9033A00CAB49E /* Debug */ = {
			isa = XCBuildConfiguration;
			buildSettings = {
				ALWAYS_EMBED_SWIFT_STANDARD_LIBRARIES = YES;
				CODE_SIGN_STYLE = Automatic;
				CURRENT_PROJECT_VERSION = 1;
				GENERATE_INFOPLIST_FILE = YES;
				MARKETING_VERSION = 1.0;
				PRODUCT_BUNDLE_IDENTIFIER = oooo.flappyUITests;
				PRODUCT_NAME = "$(TARGET_NAME)";
				SWIFT_EMIT_LOC_STRINGS = NO;
				SWIFT_VERSION = 5.0;
				TARGETED_DEVICE_FAMILY = "1,2";
				TEST_TARGET_NAME = flappy;
			};
			name = Debug;
		};
		2F6E3C162DB9033A00CAB49E /* Release */ = {
			isa = XCBuildConfiguration;
			buildSettings = {
				ALWAYS_EMBED_SWIFT_STANDARD_LIBRARIES = YES;
				CODE_SIGN_STYLE = Automatic;
				CURRENT_PROJECT_VERSION = 1;
				GENERATE_INFOPLIST_FILE = YES;
				MARKETING_VERSION = 1.0;
				PRODUCT_BUNDLE_IDENTIFIER = oooo.flappyUITests;
				PRODUCT_NAME = "$(TARGET_NAME)";
				SWIFT_EMIT_LOC_STRINGS = NO;
				SWIFT_VERSION = 5.0;
				TARGETED_DEVICE_FAMILY = "1,2";
				TEST_TARGET_NAME = flappy;
			};
			name = Release;
		};
/* End XCBuildConfiguration section */

/* Begin XCConfigurationList section */
		2F6E3BDF2DB9033900CAB49E /* Build configuration list for PBXProject "flappy" */ = {
			isa = XCConfigurationList;
			buildConfigurations = (
				2F6E3C0C2DB9033A00CAB49E /* Debug */,
				2F6E3C0D2DB9033A00CAB49E /* Release */,
			);
			defaultConfigurationIsVisible = 0;
			defaultConfigurationName = Release;
		};
		2F6E3C0E2DB9033A00CAB49E /* Build configuration list for PBXNativeTarget "flappy" */ = {
			isa = XCConfigurationList;
			buildConfigurations = (
				2F6E3C0F2DB9033A00CAB49E /* Debug */,
				2F6E3C102DB9033A00CAB49E /* Release */,
			);
			defaultConfigurationIsVisible = 0;
			defaultConfigurationName = Release;
		};
		2F6E3C112DB9033A00CAB49E /* Build configuration list for PBXNativeTarget "flappyTests" */ = {
			isa = XCConfigurationList;
			buildConfigurations = (
				2F6E3C122DB9033A00CAB49E /* Debug */,
				2F6E3C132DB9033A00CAB49E /* Release */,
			);
			defaultConfigurationIsVisible = 0;
			defaultConfigurationName = Release;
		};
		2F6E3C142DB9033A00CAB49E /* Build configuration list for PBXNativeTarget "flappyUITests" */ = {
			isa = XCConfigurationList;
			buildConfigurations = (
				2F6E3C152DB9033A00CAB49E /* Debug */,
				2F6E3C162DB9033A00CAB49E /* Release */,
			);
			defaultConfigurationIsVisible = 0;
			defaultConfigurationName = Release;
		};
/* End XCConfigurationList section */
	};
	rootObject = 2F6E3BDC2DB9033900CAB49E /* Project object */;
}
